
Microsoft Visual Studio Solution File, Format Version 12.00
# Visual Studio Version 16
VisualStudioVersion = 16.0.29319.158
MinimumVisualStudioVersion = 10.0.40219.1
Project("{FAE04EC0-301F-11D3-BF4B-00C04F79EFBC}") = "DogApplication", "DogApplication\DogApplication.csproj", "{85ACB6F4-F662-4353-B378-24FD8A38330A}"
EndProject
Global
	GlobalSection(SolutionConfigurationPlatforms) = preSolution
		Debug|Any CPU = Debug|Any CPU
		Release|Any CPU = Release|Any CPU
	EndGlobalSection
	GlobalSection(ProjectConfigurationPlatforms) = postSolution
		{85ACB6F4-F662-4353-B378-24FD8A38330A}.Debug|Any CPU.ActiveCfg = Debug|Any CPU
		{85ACB6F4-F662-4353-B378-24FD8A38330A}.Debug|Any CPU.Build.0 = Debug|Any CPU
		{85ACB6F4-F662-4353-B378-24FD8A38330A}.Release|Any CPU.ActiveCfg = Release|Any CPU
		{85ACB6F4-F662-4353-B378-24FD8A38330A}.Release|Any CPU.Build.0 = Release|Any CPU
	EndGlobalSection
	GlobalSection(SolutionProperties) = preSolution
		HideSolutionNode = FALSE
	EndGlobalSection
	GlobalSection(ExtensibilityGlobals) = postSolution
		SolutionGuid = {C676DBE8-0B10-489B-B16F-D74CB81EB8F9}
	EndGlobalSection
EndGlobal
