
Microsoft Visual Studio Solution File, Format Version 12.00
# Visual Studio Version 16
VisualStudioVersion = 16.0.29411.138
MinimumVisualStudioVersion = 10.0.40219.1
Project("{FAE04EC0-301F-11D3-BF4B-00C04F79EFBC}") = "KitchenSoapClient", "KitchenSoapClient\KitchenSoapClient.csproj", "{645268F5-B83A-4D58-8592-B4809E485FCC}"
EndProject
Global
	GlobalSection(SolutionConfigurationPlatforms) = preSolution
		Debug|Any CPU = Debug|Any CPU
		Release|Any CPU = Release|Any CPU
	EndGlobalSection
	GlobalSection(ProjectConfigurationPlatforms) = postSolution
		{645268F5-B83A-4D58-8592-B4809E485FCC}.Debug|Any CPU.ActiveCfg = Debug|Any CPU
		{645268F5-B83A-4D58-8592-B4809E485FCC}.Debug|Any CPU.Build.0 = Debug|Any CPU
		{645268F5-B83A-4D58-8592-B4809E485FCC}.Release|Any CPU.ActiveCfg = Release|Any CPU
		{645268F5-B83A-4D58-8592-B4809E485FCC}.Release|Any CPU.Build.0 = Release|Any CPU
	EndGlobalSection
	GlobalSection(SolutionProperties) = preSolution
		HideSolutionNode = FALSE
	EndGlobalSection
	GlobalSection(ExtensibilityGlobals) = postSolution
		SolutionGuid = {51756C3A-CFDA-47FC-BFE6-AB28052D8360}
	EndGlobalSection
EndGlobal
